
Microsoft Visual Studio Solution File, Format Version 12.00
# Visual Studio Version 16
VisualStudioVersion = 16.0.30225.117
MinimumVisualStudioVersion = 10.0.40219.1
Project("{FAE04EC0-301F-11D3-BF4B-00C04F79EFBC}") = "MyMath", "MyMath\MyMath.csproj", "{8DEA674B-565D-4E98-A49C-D7C2CE11FD26}"
EndProject
Project("{FAE04EC0-301F-11D3-BF4B-00C04F79EFBC}") = "MathTests", "MathTests\MathTests.csproj", "{E52AED82-553D-4CB2-AE1F-124AEFDD58D1}"
EndProject
Global
	GlobalSection(SolutionConfigurationPlatforms) = preSolution
		Debug|Any CPU = Debug|Any CPU
		Release|Any CPU = Release|Any CPU
	EndGlobalSection
	GlobalSection(ProjectConfigurationPlatforms) = postSolution
		{8DEA674B-565D-4E98-A49C-D7C2CE11FD26}.Debug|Any CPU.ActiveCfg = Debug|Any CPU
		{8DEA674B-565D-4E98-A49C-D7C2CE11FD26}.Debug|Any CPU.Build.0 = Debug|Any CPU
		{8DEA674B-565D-4E98-A49C-D7C2CE11FD26}.Release|Any CPU.ActiveCfg = Release|Any CPU
		{8DEA674B-565D-4E98-A49C-D7C2CE11FD26}.Release|Any CPU.Build.0 = Release|Any CPU
		{E52AED82-553D-4CB2-AE1F-124AEFDD58D1}.Debug|Any CPU.ActiveCfg = Debug|Any CPU
		{E52AED82-553D-4CB2-AE1F-124AEFDD58D1}.Debug|Any CPU.Build.0 = Debug|Any CPU
		{E52AED82-553D-4CB2-AE1F-124AEFDD58D1}.Release|Any CPU.ActiveCfg = Release|Any CPU
		{E52AED82-553D-4CB2-AE1F-124AEFDD58D1}.Release|Any CPU.Build.0 = Release|Any CPU
	EndGlobalSection
	GlobalSection(SolutionProperties) = preSolution
		HideSolutionNode = FALSE
	EndGlobalSection
	GlobalSection(ExtensibilityGlobals) = postSolution
		SolutionGuid = {E1C2CDD0-4168-42A1-9F5F-15E941AEF60B}
	EndGlobalSection
EndGlobal
